
Microsoft Visual Studio Solution File, Format Version 12.00
# Visual Studio 15
VisualStudioVersion = 15.0.28010.2003
MinimumVisualStudioVersion = 10.0.40219.1
Project("{FAE04EC0-301F-11D3-BF4B-00C04F79EFBC}") = "WalletSampleApi", "WalletSampleApi\WalletSampleApi.csproj", "{924ABFD5-4076-4AFE-B5AE-8BCF6A93A781}"
EndProject
Global
	GlobalSection(SolutionConfigurationPlatforms) = preSolution
		Debug|Any CPU = Debug|Any CPU
		Release|Any CPU = Release|Any CPU
	EndGlobalSection
	GlobalSection(ProjectConfigurationPlatforms) = postSolution
		{924ABFD5-4076-4AFE-B5AE-8BCF6A93A781}.Debug|Any CPU.ActiveCfg = Debug|Any CPU
		{924ABFD5-4076-4AFE-B5AE-8BCF6A93A781}.Debug|Any CPU.Build.0 = Debug|Any CPU
		{924ABFD5-4076-4AFE-B5AE-8BCF6A93A781}.Release|Any CPU.ActiveCfg = Release|Any CPU
		{924ABFD5-4076-4AFE-B5AE-8BCF6A93A781}.Release|Any CPU.Build.0 = Release|Any CPU
	EndGlobalSection
	GlobalSection(SolutionProperties) = preSolution
		HideSolutionNode = FALSE
	EndGlobalSection
	GlobalSection(ExtensibilityGlobals) = postSolution
		SolutionGuid = {22A2532E-56EB-48DF-86A8-831D4F78A874}
	EndGlobalSection
EndGlobal
